// !$*UTF8*$!
{
	archiveVersion = 1;
	classes = {
	};
	objectVersion = 55;
	objects = {

/* Begin PBXBuildFile section */
		627BC3346BAAAFB2606AC6C5 /* Pods_RxSwiftXP.framework in Frameworks */ = {isa = PBXBuildFile; fileRef = F299DF8E575C9CD17697D2C9 /* Pods_RxSwiftXP.framework */; };
		702A9D13276AE3FC00E91478 /* AppDelegate.swift in Sources */ = {isa = PBXBuildFile; fileRef = 702A9D12276AE3FC00E91478 /* AppDelegate.swift */; };
		702A9D15276AE3FC00E91478 /* SceneDelegate.swift in Sources */ = {isa = PBXBuildFile; fileRef = 702A9D14276AE3FC00E91478 /* SceneDelegate.swift */; };
		702A9D17276AE3FC00E91478 /* ViewController.swift in Sources */ = {isa = PBXBuildFile; fileRef = 702A9D16276AE3FC00E91478 /* ViewController.swift */; };
		702A9D1A276AE3FC00E91478 /* Main.storyboard in Resources */ = {isa = PBXBuildFile; fileRef = 702A9D18276AE3FC00E91478 /* Main.storyboard */; };
		702A9D1C276AE40300E91478 /* Assets.xcassets in Resources */ = {isa = PBXBuildFile; fileRef = 702A9D1B276AE40300E91478 /* Assets.xcassets */; };
		702A9D1F276AE40300E91478 /* LaunchScreen.storyboard in Resources */ = {isa = PBXBuildFile; fileRef = 702A9D1D276AE40300E91478 /* LaunchScreen.storyboard */; };
/* End PBXBuildFile section */

/* Begin PBXFileReference section */
		2CE04413DF373D34957E0AD1 /* Pods-RxSwiftXP.release.xcconfig */ = {isa = PBXFileReference; includeInIndex = 1; lastKnownFileType = text.xcconfig; name = "Pods-RxSwiftXP.release.xcconfig"; path = "Target Support Files/Pods-RxSwiftXP/Pods-RxSwiftXP.release.xcconfig"; sourceTree = "<group>"; };
		2E28115B70871CB33106B5DA /* Pods-RxSwiftXP.debug.xcconfig */ = {isa = PBXFileReference; includeInIndex = 1; lastKnownFileType = text.xcconfig; name = "Pods-RxSwiftXP.debug.xcconfig"; path = "Target Support Files/Pods-RxSwiftXP/Pods-RxSwiftXP.debug.xcconfig"; sourceTree = "<group>"; };
		702A9D0F276AE3FC00E91478 /* RxSwiftXP.app */ = {isa = PBXFileReference; explicitFileType = wrapper.application; includeInIndex = 0; path = RxSwiftXP.app; sourceTree = BUILT_PRODUCTS_DIR; };
		702A9D12276AE3FC00E91478 /* AppDelegate.swift */ = {isa = PBXFileReference; lastKnownFileType = sourcecode.swift; path = AppDelegate.swift; sourceTree = "<group>"; };
		702A9D14276AE3FC00E91478 /* SceneDelegate.swift */ = {isa = PBXFileReference; lastKnownFileType = sourcecode.swift; path = SceneDelegate.swift; sourceTree = "<group>"; };
		702A9D16276AE3FC00E91478 /* ViewController.swift */ = {isa = PBXFileReference; lastKnownFileType = sourcecode.swift; path = ViewController.swift; sourceTree = "<group>"; };
		702A9D19276AE3FC00E91478 /* Base */ = {isa = PBXFileReference; lastKnownFileType = file.storyboard; name = Base; path = Base.lproj/Main.storyboard; sourceTree = "<group>"; };
		702A9D1B276AE40300E91478 /* Assets.xcassets */ = {isa = PBXFileReference; lastKnownFileType = folder.assetcatalog; path = Assets.xcassets; sourceTree = "<group>"; };
		702A9D1E276AE40300E91478 /* Base */ = {isa = PBXFileReference; lastKnownFileType = file.storyboard; name = Base; path = Base.lproj/LaunchScreen.storyboard; sourceTree = "<group>"; };
		702A9D20276AE40300E91478 /* Info.plist */ = {isa = PBXFileReference; lastKnownFileType = text.plist.xml; path = Info.plist; sourceTree = "<group>"; };
		F299DF8E575C9CD17697D2C9 /* Pods_RxSwiftXP.framework */ = {isa = PBXFileReference; explicitFileType = wrapper.framework; includeInIndex = 0; path = Pods_RxSwiftXP.framework; sourceTree = BUILT_PRODUCTS_DIR; };
/* End PBXFileReference section */

/* Begin PBXFrameworksBuildPhase section */
		702A9D0C276AE3FC00E91478 /* Frameworks */ = {
			isa = PBXFrameworksBuildPhase;
			buildActionMask = 2147483647;
			files = (
				627BC3346BAAAFB2606AC6C5 /* Pods_RxSwiftXP.framework in Frameworks */,
			);
			runOnlyForDeploymentPostprocessing = 0;
		};
/* End PBXFrameworksBuildPhase section */

/* Begin PBXGroup section */
		0CDEE59497D7495ABB329C4F /* Pods */ = {
			isa = PBXGroup;
			children = (
				2E28115B70871CB33106B5DA /* Pods-RxSwiftXP.debug.xcconfig */,
				2CE04413DF373D34957E0AD1 /* Pods-RxSwiftXP.release.xcconfig */,
			);
			name = Pods;
			path = Pods;
			sourceTree = "<group>";
		};
		296471AC981754A00D3F6DA0 /* Frameworks */ = {
			isa = PBXGroup;
			children = (
				F299DF8E575C9CD17697D2C9 /* Pods_RxSwiftXP.framework */,
			);
			name = Frameworks;
			sourceTree = "<group>";
		};
		702A9D06276AE3FC00E91478 = {
			isa = PBXGroup;
			children = (
				702A9D11276AE3FC00E91478 /* RxSwiftXP */,
				702A9D10276AE3FC00E91478 /* Products */,
				0CDEE59497D7495ABB329C4F /* Pods */,
				296471AC981754A00D3F6DA0 /* Frameworks */,
			);
			sourceTree = "<group>";
		};
		702A9D10276AE3FC00E91478 /* Products */ = {
			isa = PBXGroup;
			children = (
				702A9D0F276AE3FC00E91478 /* RxSwiftXP.app */,
			);
			name = Products;
			sourceTree = "<group>";
		};
		702A9D11276AE3FC00E91478 /* RxSwiftXP */ = {
			isa = PBXGroup;
			children = (
				702A9D12276AE3FC00E91478 /* AppDelegate.swift */,
				702A9D14276AE3FC00E91478 /* SceneDelegate.swift */,
				702A9D16276AE3FC00E91478 /* ViewController.swift */,
				702A9D18276AE3FC00E91478 /* Main.storyboard */,
				702A9D1B276AE40300E91478 /* Assets.xcassets */,
				702A9D1D276AE40300E91478 /* LaunchScreen.storyboard */,
				702A9D20276AE40300E91478 /* Info.plist */,
			);
			path = RxSwiftXP;
			sourceTree = "<group>";
		};
/* End PBXGroup section */

/* Begin PBXNativeTarget section */
		702A9D0E276AE3FC00E91478 /* RxSwiftXP */ = {
			isa = PBXNativeTarget;
			buildConfigurationList = 702A9D23276AE40300E91478 /* Build configuration list for PBXNativeTarget "RxSwiftXP" */;
			buildPhases = (
				4153FD0E0A124A8B5712D573 /* [CP] Check Pods Manifest.lock */,
				702A9D0B276AE3FC00E91478 /* Sources */,
				702A9D0C276AE3FC00E91478 /* Frameworks */,
				702A9D0D276AE3FC00E91478 /* Resources */,
				EA46040A5F84C5A3AE6FD733 /* [CP] Embed Pods Frameworks */,
			);
			buildRules = (
			);
			dependencies = (
			);
			name = RxSwiftXP;
			productName = RxSwiftXP;
			productReference = 702A9D0F276AE3FC00E91478 /* RxSwiftXP.app */;
			productType = "com.apple.product-type.application";
		};
/* End PBXNativeTarget section */

/* Begin PBXProject section */
		702A9D07276AE3FC00E91478 /* Project object */ = {
			isa = PBXProject;
			attributes = {
				BuildIndependentTargetsInParallel = 1;
				LastSwiftUpdateCheck = 1310;
				LastUpgradeCheck = 1310;
				TargetAttributes = {
					702A9D0E276AE3FC00E91478 = {
						CreatedOnToolsVersion = 13.1;
					};
				};
			};
			buildConfigurationList = 702A9D0A276AE3FC00E91478 /* Build configuration list for PBXProject "RxSwiftXP" */;
			compatibilityVersion = "Xcode 13.0";
			developmentRegion = en;
			hasScannedForEncodings = 0;
			knownRegions = (
				en,
				Base,
			);
			mainGroup = 702A9D06276AE3FC00E91478;
			productRefGroup = 702A9D10276AE3FC00E91478 /* Products */;
			projectDirPath = "";
			projectRoot = "";
			targets = (
				702A9D0E276AE3FC00E91478 /* RxSwiftXP */,
			);
		};
/* End PBXProject section */

/* Begin PBXResourcesBuildPhase section */
		702A9D0D276AE3FC00E91478 /* Resources */ = {
			isa = PBXResourcesBuildPhase;
			buildActionMask = 2147483647;
			files = (
				702A9D1F276AE40300E91478 /* LaunchScreen.storyboard in Resources */,
				702A9D1C276AE40300E91478 /* Assets.xcassets in Resources */,
				702A9D1A276AE3FC00E91478 /* Main.storyboard in Resources */,
			);
			runOnlyForDeploymentPostprocessing = 0;
		};
/* End PBXResourcesBuildPhase section */

/* Begin PBXShellScriptBuildPhase section */
		4153FD0E0A124A8B5712D573 /* [CP] Check Pods Manifest.lock */ = {
			isa = PBXShellScriptBuildPhase;
			buildActionMask = 2147483647;
			files = (
			);
			inputFileListPaths = (
			);
			inputPaths = (
				"${PODS_PODFILE_DIR_PATH}/Podfile.lock",
				"${PODS_ROOT}/Manifest.lock",
			);
			name = "[CP] Check Pods Manifest.lock";
			outputFileListPaths = (
			);
			outputPaths = (
				"$(DERIVED_FILE_DIR)/Pods-RxSwiftXP-checkManifestLockResult.txt",
			);
			runOnlyForDeploymentPostprocessing = 0;
			shellPath = /bin/sh;
			shellScript = "diff \"${PODS_PODFILE_DIR_PATH}/Podfile.lock\" \"${PODS_ROOT}/Manifest.lock\" > /dev/null\nif [ $? != 0 ] ; then\n    # print error to STDERR\n    echo \"error: The sandbox is not in sync with the Podfile.lock. Run 'pod install' or update your CocoaPods installation.\" >&2\n    exit 1\nfi\n# This output is used by Xcode 'outputs' to avoid re-running this script phase.\necho \"SUCCESS\" > \"${SCRIPT_OUTPUT_FILE_0}\"\n";
			showEnvVarsInLog = 0;
		};
		EA46040A5F84C5A3AE6FD733 /* [CP] Embed Pods Frameworks */ = {
			isa = PBXShellScriptBuildPhase;
			buildActionMask = 2147483647;
			files = (
			);
			inputFileListPaths = (
				"${PODS_ROOT}/Target Support Files/Pods-RxSwiftXP/Pods-RxSwiftXP-frameworks-${CONFIGURATION}-input-files.xcfilelist",
			);
			name = "[CP] Embed Pods Frameworks";
			outputFileListPaths = (
				"${PODS_ROOT}/Target Support Files/Pods-RxSwiftXP/Pods-RxSwiftXP-frameworks-${CONFIGURATION}-output-files.xcfilelist",
			);
			runOnlyForDeploymentPostprocessing = 0;
			shellPath = /bin/sh;
			shellScript = "\"${PODS_ROOT}/Target Support Files/Pods-RxSwiftXP/Pods-RxSwiftXP-frameworks.sh\"\n";
			showEnvVarsInLog = 0;
		};
/* End PBXShellScriptBuildPhase section */

/* Begin PBXSourcesBuildPhase section */
		702A9D0B276AE3FC00E91478 /* Sources */ = {
			isa = PBXSourcesBuildPhase;
			buildActionMask = 2147483647;
			files = (
				702A9D17276AE3FC00E91478 /* ViewController.swift in Sources */,
				702A9D13276AE3FC00E91478 /* AppDelegate.swift in Sources */,
				702A9D15276AE3FC00E91478 /* SceneDelegate.swift in Sources */,
			);
			runOnlyForDeploymentPostprocessing = 0;
		};
/* End PBXSourcesBuildPhase section */

/* Begin PBXVariantGroup section */
		702A9D18276AE3FC00E91478 /* Main.storyboard */ = {
			isa = PBXVariantGroup;
			children = (
				702A9D19276AE3FC00E91478 /* Base */,
			);
			name = Main.storyboard;
			sourceTree = "<group>";
		};
		702A9D1D276AE40300E91478 /* LaunchScreen.storyboard */ = {
			isa = PBXVariantGroup;
			children = (
				702A9D1E276AE40300E91478 /* Base */,
			);
			name = LaunchScreen.storyboard;
			sourceTree = "<group>";
		};
/* End PBXVariantGroup section */

/* Begin XCBuildConfiguration section */
		702A9D21276AE40300E91478 /* Debug */ = {
			isa = XCBuildConfiguration;
			buildSettings = {
				ALWAYS_SEARCH_USER_PATHS = NO;
				CLANG_ANALYZER_NONNULL = YES;
				CLANG_ANALYZER_NUMBER_OBJECT_CONVERSION = YES_AGGRESSIVE;
				CLANG_CXX_LANGUAGE_STANDARD = "gnu++17";
				CLANG_CXX_LIBRARY = "libc++";
				CLANG_ENABLE_MODULES = YES;
				CLANG_ENABLE_OBJC_ARC = YES;
				CLANG_ENABLE_OBJC_WEAK = YES;
				CLANG_WARN_BLOCK_CAPTURE_AUTORELEASING = YES;
				CLANG_WARN_BOOL_CONVERSION = YES;
				CLANG_WARN_COMMA = YES;
				CLANG_WARN_CONSTANT_CONVERSION = YES;
				CLANG_WARN_DEPRECATED_OBJC_IMPLEMENTATIONS = YES;
				CLANG_WARN_DIRECT_OBJC_ISA_USAGE = YES_ERROR;
				CLANG_WARN_DOCUMENTATION_COMMENTS = YES;
				CLANG_WARN_EMPTY_BODY = YES;
				CLANG_WARN_ENUM_CONVERSION = YES;
				CLANG_WARN_INFINITE_RECURSION = YES;
				CLANG_WARN_INT_CONVERSION = YES;
				CLANG_WARN_NON_LITERAL_NULL_CONVERSION = YES;
				CLANG_WARN_OBJC_IMPLICIT_RETAIN_SELF = YES;
				CLANG_WARN_OBJC_LITERAL_CONVERSION = YES;
				CLANG_WARN_OBJC_ROOT_CLASS = YES_ERROR;
				CLANG_WARN_QUOTED_INCLUDE_IN_FRAMEWORK_HEADER = YES;
				CLANG_WARN_RANGE_LOOP_ANALYSIS = YES;
				CLANG_WARN_STRICT_PROTOTYPES = YES;
				CLANG_WARN_SUSPICIOUS_MOVE = YES;
				CLANG_WARN_UNGUARDED_AVAILABILITY = YES_AGGRESSIVE;
				CLANG_WARN_UNREACHABLE_CODE = YES;
				CLANG_WARN__DUPLICATE_METHOD_MATCH = YES;
				COPY_PHASE_STRIP = NO;
				DEBUG_INFORMATION_FORMAT = dwarf;
				ENABLE_STRICT_OBJC_MSGSEND = YES;
				ENABLE_TESTABILITY = YES;
				GCC_C_LANGUAGE_STANDARD = gnu11;
				GCC_DYNAMIC_NO_PIC = NO;
				GCC_NO_COMMON_BLOCKS = YES;
				GCC_OPTIMIZATION_LEVEL = 0;
				GCC_PREPROCESSOR_DEFINITIONS = (
					"DEBUG=1",
					"$(inherited)",
				);
				GCC_WARN_64_TO_32_BIT_CONVERSION = YES;
				GCC_WARN_ABOUT_RETURN_TYPE = YES_ERROR;
				GCC_WARN_UNDECLARED_SELECTOR = YES;
				GCC_WARN_UNINITIALIZED_AUTOS = YES_AGGRESSIVE;
				GCC_WARN_UNUSED_FUNCTION = YES;
				GCC_WARN_UNUSED_VARIABLE = YES;
				IPHONEOS_DEPLOYMENT_TARGET = 15.0;
				MTL_ENABLE_DEBUG_INFO = INCLUDE_SOURCE;
				MTL_FAST_MATH = YES;
				ONLY_ACTIVE_ARCH = YES;
				SDKROOT = iphoneos;
				SWIFT_ACTIVE_COMPILATION_CONDITIONS = DEBUG;
				SWIFT_OPTIMIZATION_LEVEL = "-Onone";
			};
			name = Debug;
		};
		702A9D22276AE40300E91478 /* Release */ = {
			isa = XCBuildConfiguration;
			buildSettings = {
				ALWAYS_SEARCH_USER_PATHS = NO;
				CLANG_ANALYZER_NONNULL = YES;
				CLANG_ANALYZER_NUMBER_OBJECT_CONVERSION = YES_AGGRESSIVE;
				CLANG_CXX_LANGUAGE_STANDARD = "gnu++17";
				CLANG_CXX_LIBRARY = "libc++";
				CLANG_ENABLE_MODULES = YES;
				CLANG_ENABLE_OBJC_ARC = YES;
				CLANG_ENABLE_OBJC_WEAK = YES;
				CLANG_WARN_BLOCK_CAPTURE_AUTORELEASING = YES;
				CLANG_WARN_BOOL_CONVERSION = YES;
				CLANG_WARN_COMMA = YES;
				CLANG_WARN_CONSTANT_CONVERSION = YES;
				CLANG_WARN_DEPRECATED_OBJC_IMPLEMENTATIONS = YES;
				CLANG_WARN_DIRECT_OBJC_ISA_USAGE = YES_ERROR;
				CLANG_WARN_DOCUMENTATION_COMMENTS = YES;
				CLANG_WARN_EMPTY_BODY = YES;
				CLANG_WARN_ENUM_CONVERSION = YES;
				CLANG_WARN_INFINITE_RECURSION = YES;
				CLANG_WARN_INT_CONVERSION = YES;
				CLANG_WARN_NON_LITERAL_NULL_CONVERSION = YES;
				CLANG_WARN_OBJC_IMPLICIT_RETAIN_SELF = YES;
				CLANG_WARN_OBJC_LITERAL_CONVERSION = YES;
				CLANG_WARN_OBJC_ROOT_CLASS = YES_ERROR;
				CLANG_WARN_QUOTED_INCLUDE_IN_FRAMEWORK_HEADER = YES;
				CLANG_WARN_RANGE_LOOP_ANALYSIS = YES;
				CLANG_WARN_STRICT_PROTOTYPES = YES;
				CLANG_WARN_SUSPICIOUS_MOVE = YES;
				CLANG_WARN_UNGUARDED_AVAILABILITY = YES_AGGRESSIVE;
				CLANG_WARN_UNREACHABLE_CODE = YES;
				CLANG_WARN__DUPLICATE_METHOD_MATCH = YES;
				COPY_PHASE_STRIP = NO;
				DEBUG_INFORMATION_FORMAT = "dwarf-with-dsym";
				ENABLE_NS_ASSERTIONS = NO;
				ENABLE_STRICT_OBJC_MSGSEND = YES;
				GCC_C_LANGUAGE_STANDARD = gnu11;
				GCC_NO_COMMON_BLOCKS = YES;
				GCC_WARN_64_TO_32_BIT_CONVERSION = YES;
				GCC_WARN_ABOUT_RETURN_TYPE = YES_ERROR;
				GCC_WARN_UNDECLARED_SELECTOR = YES;
				GCC_WARN_UNINITIALIZED_AUTOS = YES_AGGRESSIVE;
				GCC_WARN_UNUSED_FUNCTION = YES;
				GCC_WARN_UNUSED_VARIABLE = YES;
				IPHONEOS_DEPLOYMENT_TARGET = 15.0;
				MTL_ENABLE_DEBUG_INFO = NO;
				MTL_FAST_MATH = YES;
				SDKROOT = iphoneos;
				SWIFT_COMPILATION_MODE = wholemodule;
				SWIFT_OPTIMIZATION_LEVEL = "-O";
				VALIDATE_PRODUCT = YES;
			};
			name = Release;
		};
		702A9D24276AE40300E91478 /* Debug */ = {
			isa = XCBuildConfiguration;
			baseConfigurationReference = 2E28115B70871CB33106B5DA /* Pods-RxSwiftXP.debug.xcconfig */;
			buildSettings = {
				ASSETCATALOG_COMPILER_APPICON_NAME = AppIcon;
				ASSETCATALOG_COMPILER_GLOBAL_ACCENT_COLOR_NAME = AccentColor;
				CODE_SIGN_STYLE = Automatic;
				CURRENT_PROJECT_VERSION = 1;
				GENERATE_INFOPLIST_FILE = YES;
				INFOPLIST_FILE = RxSwiftXP/Info.plist;
				INFOPLIST_KEY_UIApplicationSupportsIndirectInputEvents = YES;
				INFOPLIST_KEY_UILaunchStoryboardName = LaunchScreen;
				INFOPLIST_KEY_UIMainStoryboardFile = Main;
				INFOPLIST_KEY_UISupportedInterfaceOrientations_iPad = "UIInterfaceOrientationPortrait UIInterfaceOrientationPortraitUpsideDown UIInterfaceOrientationLandscapeLeft UIInterfaceOrientationLandscapeRight";
				INFOPLIST_KEY_UISupportedInterfaceOrientations_iPhone = "UIInterfaceOrientationPortrait UIInterfaceOrientationLandscapeLeft UIInterfaceOrientationLandscapeRight";
				LD_RUNPATH_SEARCH_PATHS = (
					"$(inherited)",
					"@executable_path/Frameworks",
				);
				MARKETING_VERSION = 1.0;
				PRODUCT_BUNDLE_IDENTIFIER = br.com.test.RxSwiftXP;
				PRODUCT_NAME = "$(TARGET_NAME)";
				SWIFT_EMIT_LOC_STRINGS = YES;
				SWIFT_VERSION = 5.0;
				TARGETED_DEVICE_FAMILY = "1,2";
			};
			name = Debug;
		};
		702A9D25276AE40300E91478 /* Release */ = {
			isa = XCBuildConfiguration;
			baseConfigurationReference = 2CE04413DF373D34957E0AD1 /* Pods-RxSwiftXP.release.xcconfig */;
			buildSettings = {
				ASSETCATALOG_COMPILER_APPICON_NAME = AppIcon;
				ASSETCATALOG_COMPILER_GLOBAL_ACCENT_COLOR_NAME = AccentColor;
				CODE_SIGN_STYLE = Automatic;
				CURRENT_PROJECT_VERSION = 1;
				GENERATE_INFOPLIST_FILE = YES;
				INFOPLIST_FILE = RxSwiftXP/Info.plist;
				INFOPLIST_KEY_UIApplicationSupportsIndirectInputEvents = YES;
				INFOPLIST_KEY_UILaunchStoryboardName = LaunchScreen;
				INFOPLIST_KEY_UIMainStoryboardFile = Main;
				INFOPLIST_KEY_UISupportedInterfaceOrientations_iPad = "UIInterfaceOrientationPortrait UIInterfaceOrientationPortraitUpsideDown UIInterfaceOrientationLandscapeLeft UIInterfaceOrientationLandscapeRight";
				INFOPLIST_KEY_UISupportedInterfaceOrientations_iPhone = "UIInterfaceOrientationPortrait UIInterfaceOrientationLandscapeLeft UIInterfaceOrientationLandscapeRight";
				LD_RUNPATH_SEARCH_PATHS = (
					"$(inherited)",
					"@executable_path/Frameworks",
				);
				MARKETING_VERSION = 1.0;
				PRODUCT_BUNDLE_IDENTIFIER = br.com.test.RxSwiftXP;
				PRODUCT_NAME = "$(TARGET_NAME)";
				SWIFT_EMIT_LOC_STRINGS = YES;
				SWIFT_VERSION = 5.0;
				TARGETED_DEVICE_FAMILY = "1,2";
			};
			name = Release;
		};
/* End XCBuildConfiguration section */

/* Begin XCConfigurationList section */
		702A9D0A276AE3FC00E91478 /* Build configuration list for PBXProject "RxSwiftXP" */ = {
			isa = XCConfigurationList;
			buildConfigurations = (
				702A9D21276AE40300E91478 /* Debug */,
				702A9D22276AE40300E91478 /* Release */,
			);
			defaultConfigurationIsVisible = 0;
			defaultConfigurationName = Release;
		};
		702A9D23276AE40300E91478 /* Build configuration list for PBXNativeTarget "RxSwiftXP" */ = {
			isa = XCConfigurationList;
			buildConfigurations = (
				702A9D24276AE40300E91478 /* Debug */,
				702A9D25276AE40300E91478 /* Release */,
			);
			defaultConfigurationIsVisible = 0;
			defaultConfigurationName = Release;
		};
/* End XCConfigurationList section */
	};
	rootObject = 702A9D07276AE3FC00E91478 /* Project object */;
}
